
Microsoft Visual Studio Solution File, Format Version 12.00
# Visual Studio 15
VisualStudioVersion = 15.0.27130.2003
MinimumVisualStudioVersion = 10.0.40219.1
Project("{FAE04EC0-301F-11D3-BF4B-00C04F79EFBC}") = "freeSSR", "freeSSR\freeSSR.csproj", "{3A330E5A-0A8D-4666-9195-06CAD94257E8}"
EndProject
Global
	GlobalSection(SolutionConfigurationPlatforms) = preSolution
		Debug|Any CPU = Debug|Any CPU
		Release|Any CPU = Release|Any CPU
	EndGlobalSection
	GlobalSection(ProjectConfigurationPlatforms) = postSolution
		{3A330E5A-0A8D-4666-9195-06CAD94257E8}.Debug|Any CPU.ActiveCfg = Debug|Any CPU
		{3A330E5A-0A8D-4666-9195-06CAD94257E8}.Debug|Any CPU.Build.0 = Debug|Any CPU
		{3A330E5A-0A8D-4666-9195-06CAD94257E8}.Release|Any CPU.ActiveCfg = Release|Any CPU
		{3A330E5A-0A8D-4666-9195-06CAD94257E8}.Release|Any CPU.Build.0 = Release|Any CPU
	EndGlobalSection
	GlobalSection(SolutionProperties) = preSolution
		HideSolutionNode = FALSE
	EndGlobalSection
	GlobalSection(ExtensibilityGlobals) = postSolution
		SolutionGuid = {B5857510-9C00-4D24-BE46-292DC97AD162}
	EndGlobalSection
EndGlobal
